// !$*UTF8*$!
{
	archiveVersion = 1;
	classes = {
	};
	objectVersion = 55;
	objects = {

/* Begin PBXBuildFile section */
		095A99F3290AA69800105650 /* EmployeeCell.xib in Resources */ = {isa = PBXBuildFile; fileRef = 095A99F2290AA69800105650 /* EmployeeCell.xib */; };
		095A99F5290AACE900105650 /* RoomCell.xib in Resources */ = {isa = PBXBuildFile; fileRef = 095A99F4290AACE900105650 /* RoomCell.xib */; };
		095A99F7290AB27700105650 /* EmployeeDetailViewController.swift in Sources */ = {isa = PBXBuildFile; fileRef = 095A99F6290AB27700105650 /* EmployeeDetailViewController.swift */; };
		095A99F9290AC71E00105650 /* ViewExtension.swift in Sources */ = {isa = PBXBuildFile; fileRef = 095A99F8290AC71E00105650 /* ViewExtension.swift */; };
		095A99FB290ACF4600105650 /* ImageViewExtension.swift in Sources */ = {isa = PBXBuildFile; fileRef = 095A99FA290ACF4600105650 /* ImageViewExtension.swift */; };
		35BD7B91290A9B8D00A51662 /* AppDelegate.swift in Sources */ = {isa = PBXBuildFile; fileRef = 35BD7B90290A9B8D00A51662 /* AppDelegate.swift */; };
		35BD7B93290A9B8D00A51662 /* SceneDelegate.swift in Sources */ = {isa = PBXBuildFile; fileRef = 35BD7B92290A9B8D00A51662 /* SceneDelegate.swift */; };
		35BD7B95290A9B8D00A51662 /* EmployeesViewController.swift in Sources */ = {isa = PBXBuildFile; fileRef = 35BD7B94290A9B8D00A51662 /* EmployeesViewController.swift */; };
		35BD7B98290A9B8D00A51662 /* Main.storyboard in Resources */ = {isa = PBXBuildFile; fileRef = 35BD7B96290A9B8D00A51662 /* Main.storyboard */; };
		35BD7B9A290A9B9000A51662 /* Assets.xcassets in Resources */ = {isa = PBXBuildFile; fileRef = 35BD7B99290A9B9000A51662 /* Assets.xcassets */; };
		35BD7B9D290A9B9000A51662 /* LaunchScreen.storyboard in Resources */ = {isa = PBXBuildFile; fileRef = 35BD7B9B290A9B9000A51662 /* LaunchScreen.storyboard */; };
		35BD7BA6290A9C1200A51662 /* HttpRequestHelper.swift in Sources */ = {isa = PBXBuildFile; fileRef = 35BD7BA5290A9C1200A51662 /* HttpRequestHelper.swift */; };
		35BD7BA9290A9C5200A51662 /* EmployeesServices.swift in Sources */ = {isa = PBXBuildFile; fileRef = 35BD7BA8290A9C5200A51662 /* EmployeesServices.swift */; };
		35BD7BAC290A9C7100A51662 /* RoomsServices.swift in Sources */ = {isa = PBXBuildFile; fileRef = 35BD7BAB290A9C7100A51662 /* RoomsServices.swift */; };
		35BD7BB0290A9CE200A51662 /* EmployeeModel.swift in Sources */ = {isa = PBXBuildFile; fileRef = 35BD7BAF290A9CE200A51662 /* EmployeeModel.swift */; };
		35BD7BB2290A9CEC00A51662 /* EmployeesViewModels.swift in Sources */ = {isa = PBXBuildFile; fileRef = 35BD7BB1290A9CEC00A51662 /* EmployeesViewModels.swift */; };
		35BD7BB8290A9D5800A51662 /* RoomModel.swift in Sources */ = {isa = PBXBuildFile; fileRef = 35BD7BB7290A9D5800A51662 /* RoomModel.swift */; };
		35BD7BBA290A9E4400A51662 /* EmployeeCellViewModel.swift in Sources */ = {isa = PBXBuildFile; fileRef = 35BD7BB9290A9E4400A51662 /* EmployeeCellViewModel.swift */; };
		35BD7BBC290A9E5100A51662 /* RoomCellViewModel.swift in Sources */ = {isa = PBXBuildFile; fileRef = 35BD7BBB290A9E5100A51662 /* RoomCellViewModel.swift */; };
		35BD7BBE290A9E8100A51662 /* RoomsViewModel.swift in Sources */ = {isa = PBXBuildFile; fileRef = 35BD7BBD290A9E8100A51662 /* RoomsViewModel.swift */; };
		35BD7BC0290AA26200A51662 /* EmployeeCell.swift in Sources */ = {isa = PBXBuildFile; fileRef = 35BD7BBF290AA26200A51662 /* EmployeeCell.swift */; };
		35BD7BC2290AA26C00A51662 /* RoomCell.swift in Sources */ = {isa = PBXBuildFile; fileRef = 35BD7BC1290AA26C00A51662 /* RoomCell.swift */; };
/* End PBXBuildFile section */

/* Begin PBXFileReference section */
		095A99F2290AA69800105650 /* EmployeeCell.xib */ = {isa = PBXFileReference; lastKnownFileType = file.xib; path = EmployeeCell.xib; sourceTree = "<group>"; };
		095A99F4290AACE900105650 /* RoomCell.xib */ = {isa = PBXFileReference; lastKnownFileType = file.xib; path = RoomCell.xib; sourceTree = "<group>"; };
		095A99F6290AB27700105650 /* EmployeeDetailViewController.swift */ = {isa = PBXFileReference; lastKnownFileType = sourcecode.swift; path = EmployeeDetailViewController.swift; sourceTree = "<group>"; };
		095A99F8290AC71E00105650 /* ViewExtension.swift */ = {isa = PBXFileReference; lastKnownFileType = sourcecode.swift; name = ViewExtension.swift; path = "../../../../Library/Mobile Documents/com~apple~CloudDocs/.Trash/Task 7.04.03 PM/Task/Helpers/ViewExtension.swift"; sourceTree = "<group>"; };
		095A99FA290ACF4600105650 /* ImageViewExtension.swift */ = {isa = PBXFileReference; lastKnownFileType = sourcecode.swift; path = ImageViewExtension.swift; sourceTree = "<group>"; };
		35BD7B8D290A9B8D00A51662 /* Task.app */ = {isa = PBXFileReference; explicitFileType = wrapper.application; includeInIndex = 0; path = Task.app; sourceTree = BUILT_PRODUCTS_DIR; };
		35BD7B90290A9B8D00A51662 /* AppDelegate.swift */ = {isa = PBXFileReference; lastKnownFileType = sourcecode.swift; path = AppDelegate.swift; sourceTree = "<group>"; };
		35BD7B92290A9B8D00A51662 /* SceneDelegate.swift */ = {isa = PBXFileReference; lastKnownFileType = sourcecode.swift; path = SceneDelegate.swift; sourceTree = "<group>"; };
		35BD7B94290A9B8D00A51662 /* EmployeesViewController.swift */ = {isa = PBXFileReference; lastKnownFileType = sourcecode.swift; path = EmployeesViewController.swift; sourceTree = "<group>"; };
		35BD7B97290A9B8D00A51662 /* Base */ = {isa = PBXFileReference; lastKnownFileType = file.storyboard; name = Base; path = Base.lproj/Main.storyboard; sourceTree = "<group>"; };
		35BD7B99290A9B9000A51662 /* Assets.xcassets */ = {isa = PBXFileReference; lastKnownFileType = folder.assetcatalog; path = Assets.xcassets; sourceTree = "<group>"; };
		35BD7B9C290A9B9000A51662 /* Base */ = {isa = PBXFileReference; lastKnownFileType = file.storyboard; name = Base; path = Base.lproj/LaunchScreen.storyboard; sourceTree = "<group>"; };
		35BD7B9E290A9B9000A51662 /* Info.plist */ = {isa = PBXFileReference; lastKnownFileType = text.plist.xml; path = Info.plist; sourceTree = "<group>"; };
		35BD7BA5290A9C1200A51662 /* HttpRequestHelper.swift */ = {isa = PBXFileReference; lastKnownFileType = sourcecode.swift; path = HttpRequestHelper.swift; sourceTree = "<group>"; };
		35BD7BA8290A9C5200A51662 /* EmployeesServices.swift */ = {isa = PBXFileReference; lastKnownFileType = sourcecode.swift; path = EmployeesServices.swift; sourceTree = "<group>"; };
		35BD7BAB290A9C7100A51662 /* RoomsServices.swift */ = {isa = PBXFileReference; lastKnownFileType = sourcecode.swift; path = RoomsServices.swift; sourceTree = "<group>"; };
		35BD7BAF290A9CE200A51662 /* EmployeeModel.swift */ = {isa = PBXFileReference; lastKnownFileType = sourcecode.swift; path = EmployeeModel.swift; sourceTree = "<group>"; };
		35BD7BB1290A9CEC00A51662 /* EmployeesViewModels.swift */ = {isa = PBXFileReference; lastKnownFileType = sourcecode.swift; path = EmployeesViewModels.swift; sourceTree = "<group>"; };
		35BD7BB7290A9D5800A51662 /* RoomModel.swift */ = {isa = PBXFileReference; lastKnownFileType = sourcecode.swift; path = RoomModel.swift; sourceTree = "<group>"; };
		35BD7BB9290A9E4400A51662 /* EmployeeCellViewModel.swift */ = {isa = PBXFileReference; lastKnownFileType = sourcecode.swift; path = EmployeeCellViewModel.swift; sourceTree = "<group>"; };
		35BD7BBB290A9E5100A51662 /* RoomCellViewModel.swift */ = {isa = PBXFileReference; lastKnownFileType = sourcecode.swift; path = RoomCellViewModel.swift; sourceTree = "<group>"; };
		35BD7BBD290A9E8100A51662 /* RoomsViewModel.swift */ = {isa = PBXFileReference; lastKnownFileType = sourcecode.swift; path = RoomsViewModel.swift; sourceTree = "<group>"; };
		35BD7BBF290AA26200A51662 /* EmployeeCell.swift */ = {isa = PBXFileReference; lastKnownFileType = sourcecode.swift; path = EmployeeCell.swift; sourceTree = "<group>"; };
		35BD7BC1290AA26C00A51662 /* RoomCell.swift */ = {isa = PBXFileReference; lastKnownFileType = sourcecode.swift; path = RoomCell.swift; sourceTree = "<group>"; };
/* End PBXFileReference section */

/* Begin PBXFrameworksBuildPhase section */
		35BD7B8A290A9B8D00A51662 /* Frameworks */ = {
			isa = PBXFrameworksBuildPhase;
			buildActionMask = 2147483647;
			files = (
			);
			runOnlyForDeploymentPostprocessing = 0;
		};
/* End PBXFrameworksBuildPhase section */

/* Begin PBXGroup section */
		35BD7B84290A9B8D00A51662 = {
			isa = PBXGroup;
			children = (
				35BD7B8F290A9B8D00A51662 /* Task */,
				35BD7B8E290A9B8D00A51662 /* Products */,
			);
			sourceTree = "<group>";
		};
		35BD7B8E290A9B8D00A51662 /* Products */ = {
			isa = PBXGroup;
			children = (
				35BD7B8D290A9B8D00A51662 /* Task.app */,
			);
			name = Products;
			sourceTree = "<group>";
		};
		35BD7B8F290A9B8D00A51662 /* Task */ = {
			isa = PBXGroup;
			children = (
				35BD7BA4290A9B9B00A51662 /* SwiftFiles */,
				35BD7BA7290A9C1900A51662 /* Helpers */,
				35BD7BAA290A9C5900A51662 /* Services */,
				35BD7BB6290A9D2100A51662 /* Screens */,
				35BD7B96290A9B8D00A51662 /* Main.storyboard */,
				35BD7B99290A9B9000A51662 /* Assets.xcassets */,
				35BD7B9B290A9B9000A51662 /* LaunchScreen.storyboard */,
				35BD7B9E290A9B9000A51662 /* Info.plist */,
			);
			path = Task;
			sourceTree = "<group>";
		};
		35BD7BA4290A9B9B00A51662 /* SwiftFiles */ = {
			isa = PBXGroup;
			children = (
				35BD7B90290A9B8D00A51662 /* AppDelegate.swift */,
				35BD7B92290A9B8D00A51662 /* SceneDelegate.swift */,
			);
			path = SwiftFiles;
			sourceTree = "<group>";
		};
		35BD7BA7290A9C1900A51662 /* Helpers */ = {
			isa = PBXGroup;
			children = (
				35BD7BA5290A9C1200A51662 /* HttpRequestHelper.swift */,
				095A99F8290AC71E00105650 /* ViewExtension.swift */,
				095A99FA290ACF4600105650 /* ImageViewExtension.swift */,
			);
			path = Helpers;
			sourceTree = "<group>";
		};
		35BD7BAA290A9C5900A51662 /* Services */ = {
			isa = PBXGroup;
			children = (
				35BD7BA8290A9C5200A51662 /* EmployeesServices.swift */,
				35BD7BAB290A9C7100A51662 /* RoomsServices.swift */,
			);
			path = Services;
			sourceTree = "<group>";
		};
		35BD7BB3290A9CF700A51662 /* Models */ = {
			isa = PBXGroup;
			children = (
				35BD7BAF290A9CE200A51662 /* EmployeeModel.swift */,
				35BD7BB7290A9D5800A51662 /* RoomModel.swift */,
			);
			path = Models;
			sourceTree = "<group>";
		};
		35BD7BB4290A9D0300A51662 /* ViewModels */ = {
			isa = PBXGroup;
			children = (
				35BD7BB1290A9CEC00A51662 /* EmployeesViewModels.swift */,
				35BD7BBD290A9E8100A51662 /* RoomsViewModel.swift */,
				35BD7BB9290A9E4400A51662 /* EmployeeCellViewModel.swift */,
				35BD7BBB290A9E5100A51662 /* RoomCellViewModel.swift */,
			);
			path = ViewModels;
			sourceTree = "<group>";
		};
		35BD7BB5290A9D1200A51662 /* Views */ = {
			isa = PBXGroup;
			children = (
				35BD7B94290A9B8D00A51662 /* EmployeesViewController.swift */,
				095A99F6290AB27700105650 /* EmployeeDetailViewController.swift */,
			);
			path = Views;
			sourceTree = "<group>";
		};
		35BD7BB6290A9D2100A51662 /* Screens */ = {
			isa = PBXGroup;
			children = (
				35BD7BB3290A9CF700A51662 /* Models */,
				35BD7BB4290A9D0300A51662 /* ViewModels */,
				35BD7BB5290A9D1200A51662 /* Views */,
				35BD7BC3290AA27500A51662 /* Cells */,
			);
			path = Screens;
			sourceTree = "<group>";
		};
		35BD7BC3290AA27500A51662 /* Cells */ = {
			isa = PBXGroup;
			children = (
				35BD7BBF290AA26200A51662 /* EmployeeCell.swift */,
				095A99F2290AA69800105650 /* EmployeeCell.xib */,
				095A99F4290AACE900105650 /* RoomCell.xib */,
				35BD7BC1290AA26C00A51662 /* RoomCell.swift */,
			);
			path = Cells;
			sourceTree = "<group>";
		};
/* End PBXGroup section */

/* Begin PBXNativeTarget section */
		35BD7B8C290A9B8D00A51662 /* Task */ = {
			isa = PBXNativeTarget;
			buildConfigurationList = 35BD7BA1290A9B9000A51662 /* Build configuration list for PBXNativeTarget "Task" */;
			buildPhases = (
				35BD7B89290A9B8D00A51662 /* Sources */,
				35BD7B8A290A9B8D00A51662 /* Frameworks */,
				35BD7B8B290A9B8D00A51662 /* Resources */,
			);
			buildRules = (
			);
			dependencies = (
			);
			name = Task;
			productName = Task;
			productReference = 35BD7B8D290A9B8D00A51662 /* Task.app */;
			productType = "com.apple.product-type.application";
		};
/* End PBXNativeTarget section */

/* Begin PBXProject section */
		35BD7B85290A9B8D00A51662 /* Project object */ = {
			isa = PBXProject;
			attributes = {
				BuildIndependentTargetsInParallel = 1;
				LastSwiftUpdateCheck = 1330;
				LastUpgradeCheck = 1330;
				TargetAttributes = {
					35BD7B8C290A9B8D00A51662 = {
						CreatedOnToolsVersion = 13.3.1;
					};
				};
			};
			buildConfigurationList = 35BD7B88290A9B8D00A51662 /* Build configuration list for PBXProject "Task" */;
			compatibilityVersion = "Xcode 13.0";
			developmentRegion = en;
			hasScannedForEncodings = 0;
			knownRegions = (
				en,
				Base,
			);
			mainGroup = 35BD7B84290A9B8D00A51662;
			productRefGroup = 35BD7B8E290A9B8D00A51662 /* Products */;
			projectDirPath = "";
			projectRoot = "";
			targets = (
				35BD7B8C290A9B8D00A51662 /* Task */,
			);
		};
/* End PBXProject section */

/* Begin PBXResourcesBuildPhase section */
		35BD7B8B290A9B8D00A51662 /* Resources */ = {
			isa = PBXResourcesBuildPhase;
			buildActionMask = 2147483647;
			files = (
				35BD7B9D290A9B9000A51662 /* LaunchScreen.storyboard in Resources */,
				35BD7B9A290A9B9000A51662 /* Assets.xcassets in Resources */,
				095A99F5290AACE900105650 /* RoomCell.xib in Resources */,
				35BD7B98290A9B8D00A51662 /* Main.storyboard in Resources */,
				095A99F3290AA69800105650 /* EmployeeCell.xib in Resources */,
			);
			runOnlyForDeploymentPostprocessing = 0;
		};
/* End PBXResourcesBuildPhase section */

/* Begin PBXSourcesBuildPhase section */
		35BD7B89290A9B8D00A51662 /* Sources */ = {
			isa = PBXSourcesBuildPhase;
			buildActionMask = 2147483647;
			files = (
				35BD7BAC290A9C7100A51662 /* RoomsServices.swift in Sources */,
				35BD7B95290A9B8D00A51662 /* EmployeesViewController.swift in Sources */,
				35BD7BB8290A9D5800A51662 /* RoomModel.swift in Sources */,
				095A99FB290ACF4600105650 /* ImageViewExtension.swift in Sources */,
				35BD7B91290A9B8D00A51662 /* AppDelegate.swift in Sources */,
				35BD7BB2290A9CEC00A51662 /* EmployeesViewModels.swift in Sources */,
				35BD7BB0290A9CE200A51662 /* EmployeeModel.swift in Sources */,
				095A99F9290AC71E00105650 /* ViewExtension.swift in Sources */,
				35BD7BBC290A9E5100A51662 /* RoomCellViewModel.swift in Sources */,
				35BD7B93290A9B8D00A51662 /* SceneDelegate.swift in Sources */,
				35BD7BC0290AA26200A51662 /* EmployeeCell.swift in Sources */,
				35BD7BA9290A9C5200A51662 /* EmployeesServices.swift in Sources */,
				095A99F7290AB27700105650 /* EmployeeDetailViewController.swift in Sources */,
				35BD7BBA290A9E4400A51662 /* EmployeeCellViewModel.swift in Sources */,
				35BD7BA6290A9C1200A51662 /* HttpRequestHelper.swift in Sources */,
				35BD7BC2290AA26C00A51662 /* RoomCell.swift in Sources */,
				35BD7BBE290A9E8100A51662 /* RoomsViewModel.swift in Sources */,
			);
			runOnlyForDeploymentPostprocessing = 0;
		};
/* End PBXSourcesBuildPhase section */

/* Begin PBXVariantGroup section */
		35BD7B96290A9B8D00A51662 /* Main.storyboard */ = {
			isa = PBXVariantGroup;
			children = (
				35BD7B97290A9B8D00A51662 /* Base */,
			);
			name = Main.storyboard;
			sourceTree = "<group>";
		};
		35BD7B9B290A9B9000A51662 /* LaunchScreen.storyboard */ = {
			isa = PBXVariantGroup;
			children = (
				35BD7B9C290A9B9000A51662 /* Base */,
			);
			name = LaunchScreen.storyboard;
			sourceTree = "<group>";
		};
/* End PBXVariantGroup section */

/* Begin XCBuildConfiguration section */
		35BD7B9F290A9B9000A51662 /* Debug */ = {
			isa = XCBuildConfiguration;
			buildSettings = {
				ALWAYS_SEARCH_USER_PATHS = NO;
				CLANG_ANALYZER_NONNULL = YES;
				CLANG_ANALYZER_NUMBER_OBJECT_CONVERSION = YES_AGGRESSIVE;
				CLANG_CXX_LANGUAGE_STANDARD = "gnu++17";
				CLANG_ENABLE_MODULES = YES;
				CLANG_ENABLE_OBJC_ARC = YES;
				CLANG_ENABLE_OBJC_WEAK = YES;
				CLANG_WARN_BLOCK_CAPTURE_AUTORELEASING = YES;
				CLANG_WARN_BOOL_CONVERSION = YES;
				CLANG_WARN_COMMA = YES;
				CLANG_WARN_CONSTANT_CONVERSION = YES;
				CLANG_WARN_DEPRECATED_OBJC_IMPLEMENTATIONS = YES;
				CLANG_WARN_DIRECT_OBJC_ISA_USAGE = YES_ERROR;
				CLANG_WARN_DOCUMENTATION_COMMENTS = YES;
				CLANG_WARN_EMPTY_BODY = YES;
				CLANG_WARN_ENUM_CONVERSION = YES;
				CLANG_WARN_INFINITE_RECURSION = YES;
				CLANG_WARN_INT_CONVERSION = YES;
				CLANG_WARN_NON_LITERAL_NULL_CONVERSION = YES;
				CLANG_WARN_OBJC_IMPLICIT_RETAIN_SELF = YES;
				CLANG_WARN_OBJC_LITERAL_CONVERSION = YES;
				CLANG_WARN_OBJC_ROOT_CLASS = YES_ERROR;
				CLANG_WARN_QUOTED_INCLUDE_IN_FRAMEWORK_HEADER = YES;
				CLANG_WARN_RANGE_LOOP_ANALYSIS = YES;
				CLANG_WARN_STRICT_PROTOTYPES = YES;
				CLANG_WARN_SUSPICIOUS_MOVE = YES;
				CLANG_WARN_UNGUARDED_AVAILABILITY = YES_AGGRESSIVE;
				CLANG_WARN_UNREACHABLE_CODE = YES;
				CLANG_WARN__DUPLICATE_METHOD_MATCH = YES;
				COPY_PHASE_STRIP = NO;
				DEBUG_INFORMATION_FORMAT = dwarf;
				ENABLE_STRICT_OBJC_MSGSEND = YES;
				ENABLE_TESTABILITY = YES;
				GCC_C_LANGUAGE_STANDARD = gnu11;
				GCC_DYNAMIC_NO_PIC = NO;
				GCC_NO_COMMON_BLOCKS = YES;
				GCC_OPTIMIZATION_LEVEL = 0;
				GCC_PREPROCESSOR_DEFINITIONS = (
					"DEBUG=1",
					"$(inherited)",
				);
				GCC_WARN_64_TO_32_BIT_CONVERSION = YES;
				GCC_WARN_ABOUT_RETURN_TYPE = YES_ERROR;
				GCC_WARN_UNDECLARED_SELECTOR = YES;
				GCC_WARN_UNINITIALIZED_AUTOS = YES_AGGRESSIVE;
				GCC_WARN_UNUSED_FUNCTION = YES;
				GCC_WARN_UNUSED_VARIABLE = YES;
				IPHONEOS_DEPLOYMENT_TARGET = 15.4;
				MTL_ENABLE_DEBUG_INFO = INCLUDE_SOURCE;
				MTL_FAST_MATH = YES;
				ONLY_ACTIVE_ARCH = YES;
				SDKROOT = iphoneos;
				SWIFT_ACTIVE_COMPILATION_CONDITIONS = DEBUG;
				SWIFT_OPTIMIZATION_LEVEL = "-Onone";
			};
			name = Debug;
		};
		35BD7BA0290A9B9000A51662 /* Release */ = {
			isa = XCBuildConfiguration;
			buildSettings = {
				ALWAYS_SEARCH_USER_PATHS = NO;
				CLANG_ANALYZER_NONNULL = YES;
				CLANG_ANALYZER_NUMBER_OBJECT_CONVERSION = YES_AGGRESSIVE;
				CLANG_CXX_LANGUAGE_STANDARD = "gnu++17";
				CLANG_ENABLE_MODULES = YES;
				CLANG_ENABLE_OBJC_ARC = YES;
				CLANG_ENABLE_OBJC_WEAK = YES;
				CLANG_WARN_BLOCK_CAPTURE_AUTORELEASING = YES;
				CLANG_WARN_BOOL_CONVERSION = YES;
				CLANG_WARN_COMMA = YES;
				CLANG_WARN_CONSTANT_CONVERSION = YES;
				CLANG_WARN_DEPRECATED_OBJC_IMPLEMENTATIONS = YES;
				CLANG_WARN_DIRECT_OBJC_ISA_USAGE = YES_ERROR;
				CLANG_WARN_DOCUMENTATION_COMMENTS = YES;
				CLANG_WARN_EMPTY_BODY = YES;
				CLANG_WARN_ENUM_CONVERSION = YES;
				CLANG_WARN_INFINITE_RECURSION = YES;
				CLANG_WARN_INT_CONVERSION = YES;
				CLANG_WARN_NON_LITERAL_NULL_CONVERSION = YES;
				CLANG_WARN_OBJC_IMPLICIT_RETAIN_SELF = YES;
				CLANG_WARN_OBJC_LITERAL_CONVERSION = YES;
				CLANG_WARN_OBJC_ROOT_CLASS = YES_ERROR;
				CLANG_WARN_QUOTED_INCLUDE_IN_FRAMEWORK_HEADER = YES;
				CLANG_WARN_RANGE_LOOP_ANALYSIS = YES;
				CLANG_WARN_STRICT_PROTOTYPES = YES;
				CLANG_WARN_SUSPICIOUS_MOVE = YES;
				CLANG_WARN_UNGUARDED_AVAILABILITY = YES_AGGRESSIVE;
				CLANG_WARN_UNREACHABLE_CODE = YES;
				CLANG_WARN__DUPLICATE_METHOD_MATCH = YES;
				COPY_PHASE_STRIP = NO;
				DEBUG_INFORMATION_FORMAT = "dwarf-with-dsym";
				ENABLE_NS_ASSERTIONS = NO;
				ENABLE_STRICT_OBJC_MSGSEND = YES;
				GCC_C_LANGUAGE_STANDARD = gnu11;
				GCC_NO_COMMON_BLOCKS = YES;
				GCC_WARN_64_TO_32_BIT_CONVERSION = YES;
				GCC_WARN_ABOUT_RETURN_TYPE = YES_ERROR;
				GCC_WARN_UNDECLARED_SELECTOR = YES;
				GCC_WARN_UNINITIALIZED_AUTOS = YES_AGGRESSIVE;
				GCC_WARN_UNUSED_FUNCTION = YES;
				GCC_WARN_UNUSED_VARIABLE = YES;
				IPHONEOS_DEPLOYMENT_TARGET = 15.4;
				MTL_ENABLE_DEBUG_INFO = NO;
				MTL_FAST_MATH = YES;
				SDKROOT = iphoneos;
				SWIFT_COMPILATION_MODE = wholemodule;
				SWIFT_OPTIMIZATION_LEVEL = "-O";
				VALIDATE_PRODUCT = YES;
			};
			name = Release;
		};
		35BD7BA2290A9B9000A51662 /* Debug */ = {
			isa = XCBuildConfiguration;
			buildSettings = {
				ASSETCATALOG_COMPILER_APPICON_NAME = AppIcon;
				ASSETCATALOG_COMPILER_GLOBAL_ACCENT_COLOR_NAME = AccentColor;
				CODE_SIGN_IDENTITY = "Apple Development";
				CODE_SIGN_STYLE = Automatic;
				CURRENT_PROJECT_VERSION = 1;
				DEVELOPMENT_TEAM = 5AKXT6M3NY;
				GENERATE_INFOPLIST_FILE = YES;
				INFOPLIST_FILE = Task/Info.plist;
				INFOPLIST_KEY_UIApplicationSupportsIndirectInputEvents = YES;
				INFOPLIST_KEY_UILaunchStoryboardName = LaunchScreen;
				INFOPLIST_KEY_UIMainStoryboardFile = Main;
				INFOPLIST_KEY_UISupportedInterfaceOrientations_iPad = "UIInterfaceOrientationPortrait UIInterfaceOrientationPortraitUpsideDown UIInterfaceOrientationLandscapeLeft UIInterfaceOrientationLandscapeRight";
				INFOPLIST_KEY_UISupportedInterfaceOrientations_iPhone = "UIInterfaceOrientationPortrait UIInterfaceOrientationLandscapeLeft UIInterfaceOrientationLandscapeRight";
				IPHONEOS_DEPLOYMENT_TARGET = 11.0;
				LD_RUNPATH_SEARCH_PATHS = (
					"$(inherited)",
					"@executable_path/Frameworks",
				);
				MARKETING_VERSION = 1.0;
				PRODUCT_BUNDLE_IDENTIFIER = com.vm.app;
				PRODUCT_NAME = "$(TARGET_NAME)";
				PROVISIONING_PROFILE_SPECIFIER = "";
				SWIFT_EMIT_LOC_STRINGS = YES;
				SWIFT_VERSION = 5.0;
				TARGETED_DEVICE_FAMILY = "1,2";
			};
			name = Debug;
		};
		35BD7BA3290A9B9000A51662 /* Release */ = {
			isa = XCBuildConfiguration;
			buildSettings = {
				ASSETCATALOG_COMPILER_APPICON_NAME = AppIcon;
				ASSETCATALOG_COMPILER_GLOBAL_ACCENT_COLOR_NAME = AccentColor;
				CODE_SIGN_IDENTITY = "Apple Development";
				CODE_SIGN_STYLE = Automatic;
				CURRENT_PROJECT_VERSION = 1;
				DEVELOPMENT_TEAM = 5AKXT6M3NY;
				GENERATE_INFOPLIST_FILE = YES;
				INFOPLIST_FILE = Task/Info.plist;
				INFOPLIST_KEY_UIApplicationSupportsIndirectInputEvents = YES;
				INFOPLIST_KEY_UILaunchStoryboardName = LaunchScreen;
				INFOPLIST_KEY_UIMainStoryboardFile = Main;
				INFOPLIST_KEY_UISupportedInterfaceOrientations_iPad = "UIInterfaceOrientationPortrait UIInterfaceOrientationPortraitUpsideDown UIInterfaceOrientationLandscapeLeft UIInterfaceOrientationLandscapeRight";
				INFOPLIST_KEY_UISupportedInterfaceOrientations_iPhone = "UIInterfaceOrientationPortrait UIInterfaceOrientationLandscapeLeft UIInterfaceOrientationLandscapeRight";
				IPHONEOS_DEPLOYMENT_TARGET = 11.0;
				LD_RUNPATH_SEARCH_PATHS = (
					"$(inherited)",
					"@executable_path/Frameworks",
				);
				MARKETING_VERSION = 1.0;
				PRODUCT_BUNDLE_IDENTIFIER = com.vm.app;
				PRODUCT_NAME = "$(TARGET_NAME)";
				PROVISIONING_PROFILE_SPECIFIER = "";
				SWIFT_EMIT_LOC_STRINGS = YES;
				SWIFT_VERSION = 5.0;
				TARGETED_DEVICE_FAMILY = "1,2";
			};
			name = Release;
		};
/* End XCBuildConfiguration section */

/* Begin XCConfigurationList section */
		35BD7B88290A9B8D00A51662 /* Build configuration list for PBXProject "Task" */ = {
			isa = XCConfigurationList;
			buildConfigurations = (
				35BD7B9F290A9B9000A51662 /* Debug */,
				35BD7BA0290A9B9000A51662 /* Release */,
			);
			defaultConfigurationIsVisible = 0;
			defaultConfigurationName = Release;
		};
		35BD7BA1290A9B9000A51662 /* Build configuration list for PBXNativeTarget "Task" */ = {
			isa = XCConfigurationList;
			buildConfigurations = (
				35BD7BA2290A9B9000A51662 /* Debug */,
				35BD7BA3290A9B9000A51662 /* Release */,
			);
			defaultConfigurationIsVisible = 0;
			defaultConfigurationName = Release;
		};
/* End XCConfigurationList section */
	};
	rootObject = 35BD7B85290A9B8D00A51662 /* Project object */;
}
